
Microsoft Visual Studio Solution File, Format Version 12.00
# Visual Studio Version 16
VisualStudioVersion = 16.0.30803.129
MinimumVisualStudioVersion = 10.0.40219.1
Project("{9A19103F-16F7-4668-BE54-9A1E7A4F7556}") = "GroupImages", "WindowsFormsApp1\GroupImages.csproj", "{26A20771-0280-40AE-8480-42D43EA3BFAD}"
EndProject
Global
	GlobalSection(SolutionConfigurationPlatforms) = preSolution
		Debug|Any CPU = Debug|Any CPU
		Release|Any CPU = Release|Any CPU
	EndGlobalSection
	GlobalSection(ProjectConfigurationPlatforms) = postSolution
		{26A20771-0280-40AE-8480-42D43EA3BFAD}.Debug|Any CPU.ActiveCfg = Debug|Any CPU
		{26A20771-0280-40AE-8480-42D43EA3BFAD}.Debug|Any CPU.Build.0 = Debug|Any CPU
		{26A20771-0280-40AE-8480-42D43EA3BFAD}.Release|Any CPU.ActiveCfg = Release|Any CPU
		{26A20771-0280-40AE-8480-42D43EA3BFAD}.Release|Any CPU.Build.0 = Release|Any CPU
	EndGlobalSection
	GlobalSection(SolutionProperties) = preSolution
		HideSolutionNode = FALSE
	EndGlobalSection
	GlobalSection(ExtensibilityGlobals) = postSolution
		SolutionGuid = {78761DB1-0EFC-4D55-8D08-1565C8656FD9}
	EndGlobalSection
EndGlobal
